
Microsoft Visual Studio Solution File, Format Version 12.00
Project("{FAE04EC0-301F-11D3-BF4B-00C04F79EFBC}") = "skt.Shared", "skt.Shared\skt.Shared.csproj", "{691F2951-67A1-486F-AFEC-C009A8A9865F}"
EndProject
Project("{FAE04EC0-301F-11D3-BF4B-00C04F79EFBC}") = "skt.Compiler", "skt.Compiler\skt.Compiler.csproj", "{46D819D6-7D65-4F1E-A819-1A53C31C5701}"
EndProject
Project("{FAE04EC0-301F-11D3-BF4B-00C04F79EFBC}") = "skt.IDE", "skt.IDE\skt.IDE.csproj", "{23AEB46A-B1CB-44BE-A37D-3FE1DB2FDCC0}"
EndProject
Project("{FAE04EC0-301F-11D3-BF4B-00C04F79EFBC}") = "skt.Compiler.Tests", "skt.Compiler.Tests\skt.Compiler.Tests.csproj", "{1231BDC6-C929-49EF-8C8C-0EA1DB57F9AB}"
EndProject
Global
	GlobalSection(SolutionConfigurationPlatforms) = preSolution
		Debug|Any CPU = Debug|Any CPU
		Debug|x64 = Debug|x64
		Debug|x86 = Debug|x86
		Release|Any CPU = Release|Any CPU
		Release|x64 = Release|x64
		Release|x86 = Release|x86
	EndGlobalSection
	GlobalSection(ProjectConfigurationPlatforms) = postSolution
		{691F2951-67A1-486F-AFEC-C009A8A9865F}.Debug|Any CPU.ActiveCfg = Debug|Any CPU
		{691F2951-67A1-486F-AFEC-C009A8A9865F}.Debug|Any CPU.Build.0 = Debug|Any CPU
		{691F2951-67A1-486F-AFEC-C009A8A9865F}.Debug|x64.ActiveCfg = Debug|Any CPU
		{691F2951-67A1-486F-AFEC-C009A8A9865F}.Debug|x64.Build.0 = Debug|Any CPU
		{691F2951-67A1-486F-AFEC-C009A8A9865F}.Debug|x86.ActiveCfg = Debug|Any CPU
		{691F2951-67A1-486F-AFEC-C009A8A9865F}.Debug|x86.Build.0 = Debug|Any CPU
		{691F2951-67A1-486F-AFEC-C009A8A9865F}.Release|Any CPU.ActiveCfg = Release|Any CPU
		{691F2951-67A1-486F-AFEC-C009A8A9865F}.Release|Any CPU.Build.0 = Release|Any CPU
		{691F2951-67A1-486F-AFEC-C009A8A9865F}.Release|x64.ActiveCfg = Release|Any CPU
		{691F2951-67A1-486F-AFEC-C009A8A9865F}.Release|x64.Build.0 = Release|Any CPU
		{691F2951-67A1-486F-AFEC-C009A8A9865F}.Release|x86.ActiveCfg = Release|Any CPU
		{691F2951-67A1-486F-AFEC-C009A8A9865F}.Release|x86.Build.0 = Release|Any CPU
		{46D819D6-7D65-4F1E-A819-1A53C31C5701}.Debug|Any CPU.ActiveCfg = Debug|Any CPU
		{46D819D6-7D65-4F1E-A819-1A53C31C5701}.Debug|Any CPU.Build.0 = Debug|Any CPU
		{46D819D6-7D65-4F1E-A819-1A53C31C5701}.Debug|x64.ActiveCfg = Debug|Any CPU
		{46D819D6-7D65-4F1E-A819-1A53C31C5701}.Debug|x64.Build.0 = Debug|Any CPU
		{46D819D6-7D65-4F1E-A819-1A53C31C5701}.Debug|x86.ActiveCfg = Debug|Any CPU
		{46D819D6-7D65-4F1E-A819-1A53C31C5701}.Debug|x86.Build.0 = Debug|Any CPU
		{46D819D6-7D65-4F1E-A819-1A53C31C5701}.Release|Any CPU.ActiveCfg = Release|Any CPU
		{46D819D6-7D65-4F1E-A819-1A53C31C5701}.Release|Any CPU.Build.0 = Release|Any CPU
		{46D819D6-7D65-4F1E-A819-1A53C31C5701}.Release|x64.ActiveCfg = Release|Any CPU
		{46D819D6-7D65-4F1E-A819-1A53C31C5701}.Release|x64.Build.0 = Release|Any CPU
		{46D819D6-7D65-4F1E-A819-1A53C31C5701}.Release|x86.ActiveCfg = Release|Any CPU
		{46D819D6-7D65-4F1E-A819-1A53C31C5701}.Release|x86.Build.0 = Release|Any CPU
		{23AEB46A-B1CB-44BE-A37D-3FE1DB2FDCC0}.Debug|Any CPU.ActiveCfg = Debug|Any CPU
		{23AEB46A-B1CB-44BE-A37D-3FE1DB2FDCC0}.Debug|Any CPU.Build.0 = Debug|Any CPU
		{23AEB46A-B1CB-44BE-A37D-3FE1DB2FDCC0}.Debug|x64.ActiveCfg = Debug|Any CPU
		{23AEB46A-B1CB-44BE-A37D-3FE1DB2FDCC0}.Debug|x64.Build.0 = Debug|Any CPU
		{23AEB46A-B1CB-44BE-A37D-3FE1DB2FDCC0}.Debug|x86.ActiveCfg = Debug|Any CPU
		{23AEB46A-B1CB-44BE-A37D-3FE1DB2FDCC0}.Debug|x86.Build.0 = Debug|Any CPU
		{23AEB46A-B1CB-44BE-A37D-3FE1DB2FDCC0}.Release|Any CPU.ActiveCfg = Release|Any CPU
		{23AEB46A-B1CB-44BE-A37D-3FE1DB2FDCC0}.Release|Any CPU.Build.0 = Release|Any CPU
		{23AEB46A-B1CB-44BE-A37D-3FE1DB2FDCC0}.Release|x64.ActiveCfg = Release|Any CPU
		{23AEB46A-B1CB-44BE-A37D-3FE1DB2FDCC0}.Release|x64.Build.0 = Release|Any CPU
		{23AEB46A-B1CB-44BE-A37D-3FE1DB2FDCC0}.Release|x86.ActiveCfg = Release|Any CPU
		{23AEB46A-B1CB-44BE-A37D-3FE1DB2FDCC0}.Release|x86.Build.0 = Release|Any CPU
		{1231BDC6-C929-49EF-8C8C-0EA1DB57F9AB}.Debug|Any CPU.ActiveCfg = Debug|Any CPU
		{1231BDC6-C929-49EF-8C8C-0EA1DB57F9AB}.Debug|Any CPU.Build.0 = Debug|Any CPU
		{1231BDC6-C929-49EF-8C8C-0EA1DB57F9AB}.Debug|x64.ActiveCfg = Debug|Any CPU
		{1231BDC6-C929-49EF-8C8C-0EA1DB57F9AB}.Debug|x64.Build.0 = Debug|Any CPU
		{1231BDC6-C929-49EF-8C8C-0EA1DB57F9AB}.Debug|x86.ActiveCfg = Debug|Any CPU
		{1231BDC6-C929-49EF-8C8C-0EA1DB57F9AB}.Debug|x86.Build.0 = Debug|Any CPU
		{1231BDC6-C929-49EF-8C8C-0EA1DB57F9AB}.Release|Any CPU.ActiveCfg = Release|Any CPU
		{1231BDC6-C929-49EF-8C8C-0EA1DB57F9AB}.Release|Any CPU.Build.0 = Release|Any CPU
		{1231BDC6-C929-49EF-8C8C-0EA1DB57F9AB}.Release|x64.ActiveCfg = Release|Any CPU
		{1231BDC6-C929-49EF-8C8C-0EA1DB57F9AB}.Release|x64.Build.0 = Release|Any CPU
		{1231BDC6-C929-49EF-8C8C-0EA1DB57F9AB}.Release|x86.ActiveCfg = Release|Any CPU
		{1231BDC6-C929-49EF-8C8C-0EA1DB57F9AB}.Release|x86.Build.0 = Release|Any CPU
	EndGlobalSection
	GlobalSection(SolutionProperties) = preSolution
		HideSolutionNode = FALSE
	EndGlobalSection
EndGlobal
